
Microsoft Visual Studio Solution File, Format Version 12.00
# Visual Studio Version 17
VisualStudioVersion = 17.4.33205.214
MinimumVisualStudioVersion = 10.0.40219.1
Project("{FAE04EC0-301F-11D3-BF4B-00C04F79EFBC}") = "Manager Cafe", "Manager Cafe\Manager Cafe.csproj", "{5DA82217-20B6-42FF-977C-0DC1167CF570}"
EndProject
Global
	GlobalSection(SolutionConfigurationPlatforms) = preSolution
		Debug|Any CPU = Debug|Any CPU
		Release|Any CPU = Release|Any CPU
	EndGlobalSection
	GlobalSection(ProjectConfigurationPlatforms) = postSolution
		{5DA82217-20B6-42FF-977C-0DC1167CF570}.Debug|Any CPU.ActiveCfg = Debug|Any CPU
		{5DA82217-20B6-42FF-977C-0DC1167CF570}.Debug|Any CPU.Build.0 = Debug|Any CPU
		{5DA82217-20B6-42FF-977C-0DC1167CF570}.Release|Any CPU.ActiveCfg = Release|Any CPU
		{5DA82217-20B6-42FF-977C-0DC1167CF570}.Release|Any CPU.Build.0 = Release|Any CPU
	EndGlobalSection
	GlobalSection(SolutionProperties) = preSolution
		HideSolutionNode = FALSE
	EndGlobalSection
	GlobalSection(ExtensibilityGlobals) = postSolution
		SolutionGuid = {6E80A661-B3D9-4B45-A7D6-2ECAFC4F5F19}
	EndGlobalSection
EndGlobal
